
Microsoft Visual Studio Solution File, Format Version 12.00
# Visual Studio Version 17
VisualStudioVersion = 17.4.33103.184
MinimumVisualStudioVersion = 10.0.40219.1
Project("{9A19103F-16F7-4668-BE54-9A1E7A4F7556}") = "ProjectManagementSystem", "ProjectManagementSystem\ProjectManagementSystem.csproj", "{737C50E1-1950-405B-8E65-C2F670A1C3FF}"
EndProject
Project("{9A19103F-16F7-4668-BE54-9A1E7A4F7556}") = "PMS.Domain", "PMS.Domain\PMS.Domain.csproj", "{801D617E-0C02-497E-AFD5-506899D420AE}"
EndProject
Project("{9A19103F-16F7-4668-BE54-9A1E7A4F7556}") = "PMS.DomainServices", "PMS.DomainServices\PMS.DomainServices.csproj", "{26A678E6-C337-4533-A72C-F6B02EECE2B1}"
EndProject
Project("{9A19103F-16F7-4668-BE54-9A1E7A4F7556}") = "PMS.ApplicationServices", "PMS.ApplicationServices\PMS.ApplicationServices.csproj", "{CCEF6C40-E73A-4C2D-8721-02510FFF4D16}"
EndProject
Project("{9A19103F-16F7-4668-BE54-9A1E7A4F7556}") = "PMS.Presentation", "PMS.Presentation\PMS.Presentation.csproj", "{2C9DCCE7-E4A5-44A2-82E8-B38F8D25979C}"
EndProject
Project("{2150E333-8FDC-42A3-9474-1A3956D46DE8}") = "Domain", "Domain", "{937BF7B3-22C2-466C-BD09-19EA0D18A019}"
EndProject
Project("{2150E333-8FDC-42A3-9474-1A3956D46DE8}") = "Service", "Service", "{DD3DB4F2-6DEF-450F-AB58-F62D4937F361}"
EndProject
Project("{2150E333-8FDC-42A3-9474-1A3956D46DE8}") = "Infrastructure", "Infrastructure", "{5A72C3FC-F33E-470E-A6BD-6E104DCAE16D}"
EndProject
Project("{2150E333-8FDC-42A3-9474-1A3956D46DE8}") = "Presentation", "Presentation", "{8B6320E5-BEB3-4D71-8D5D-1D0999E33DAB}"
EndProject
Global
	GlobalSection(SolutionConfigurationPlatforms) = preSolution
		Debug|Any CPU = Debug|Any CPU
		Release|Any CPU = Release|Any CPU
	EndGlobalSection
	GlobalSection(ProjectConfigurationPlatforms) = postSolution
		{737C50E1-1950-405B-8E65-C2F670A1C3FF}.Debug|Any CPU.ActiveCfg = Debug|Any CPU
		{737C50E1-1950-405B-8E65-C2F670A1C3FF}.Debug|Any CPU.Build.0 = Debug|Any CPU
		{737C50E1-1950-405B-8E65-C2F670A1C3FF}.Release|Any CPU.ActiveCfg = Release|Any CPU
		{737C50E1-1950-405B-8E65-C2F670A1C3FF}.Release|Any CPU.Build.0 = Release|Any CPU
		{801D617E-0C02-497E-AFD5-506899D420AE}.Debug|Any CPU.ActiveCfg = Debug|Any CPU
		{801D617E-0C02-497E-AFD5-506899D420AE}.Debug|Any CPU.Build.0 = Debug|Any CPU
		{801D617E-0C02-497E-AFD5-506899D420AE}.Release|Any CPU.ActiveCfg = Release|Any CPU
		{801D617E-0C02-497E-AFD5-506899D420AE}.Release|Any CPU.Build.0 = Release|Any CPU
		{26A678E6-C337-4533-A72C-F6B02EECE2B1}.Debug|Any CPU.ActiveCfg = Debug|Any CPU
		{26A678E6-C337-4533-A72C-F6B02EECE2B1}.Debug|Any CPU.Build.0 = Debug|Any CPU
		{26A678E6-C337-4533-A72C-F6B02EECE2B1}.Release|Any CPU.ActiveCfg = Release|Any CPU
		{26A678E6-C337-4533-A72C-F6B02EECE2B1}.Release|Any CPU.Build.0 = Release|Any CPU
		{CCEF6C40-E73A-4C2D-8721-02510FFF4D16}.Debug|Any CPU.ActiveCfg = Debug|Any CPU
		{CCEF6C40-E73A-4C2D-8721-02510FFF4D16}.Debug|Any CPU.Build.0 = Debug|Any CPU
		{CCEF6C40-E73A-4C2D-8721-02510FFF4D16}.Release|Any CPU.ActiveCfg = Release|Any CPU
		{CCEF6C40-E73A-4C2D-8721-02510FFF4D16}.Release|Any CPU.Build.0 = Release|Any CPU
		{2C9DCCE7-E4A5-44A2-82E8-B38F8D25979C}.Debug|Any CPU.ActiveCfg = Debug|Any CPU
		{2C9DCCE7-E4A5-44A2-82E8-B38F8D25979C}.Debug|Any CPU.Build.0 = Debug|Any CPU
		{2C9DCCE7-E4A5-44A2-82E8-B38F8D25979C}.Release|Any CPU.ActiveCfg = Release|Any CPU
		{2C9DCCE7-E4A5-44A2-82E8-B38F8D25979C}.Release|Any CPU.Build.0 = Release|Any CPU
	EndGlobalSection
	GlobalSection(SolutionProperties) = preSolution
		HideSolutionNode = FALSE
	EndGlobalSection
	GlobalSection(NestedProjects) = preSolution
		{737C50E1-1950-405B-8E65-C2F670A1C3FF} = {8B6320E5-BEB3-4D71-8D5D-1D0999E33DAB}
		{801D617E-0C02-497E-AFD5-506899D420AE} = {937BF7B3-22C2-466C-BD09-19EA0D18A019}
		{26A678E6-C337-4533-A72C-F6B02EECE2B1} = {DD3DB4F2-6DEF-450F-AB58-F62D4937F361}
		{CCEF6C40-E73A-4C2D-8721-02510FFF4D16} = {DD3DB4F2-6DEF-450F-AB58-F62D4937F361}
		{2C9DCCE7-E4A5-44A2-82E8-B38F8D25979C} = {8B6320E5-BEB3-4D71-8D5D-1D0999E33DAB}
	EndGlobalSection
	GlobalSection(ExtensibilityGlobals) = postSolution
		SolutionGuid = {EFDC4688-ECC6-4204-9D27-D3D2A8B2FCB0}
	EndGlobalSection
EndGlobal
